
Microsoft Visual Studio Solution File, Format Version 12.00
# Visual Studio Version 17
VisualStudioVersion = 17.7.34018.315
MinimumVisualStudioVersion = 10.0.40219.1
Project("{FAE04EC0-301F-11D3-BF4B-00C04F79EFBC}") = "Epicode-U4-W1-D1", "Epicode-U4-W1-D1\Epicode-U4-W1-D1.csproj", "{47884932-17FC-4235-8C30-8010E70276F5}"
EndProject
Global
	GlobalSection(SolutionConfigurationPlatforms) = preSolution
		Debug|Any CPU = Debug|Any CPU
		Release|Any CPU = Release|Any CPU
	EndGlobalSection
	GlobalSection(ProjectConfigurationPlatforms) = postSolution
		{47884932-17FC-4235-8C30-8010E70276F5}.Debug|Any CPU.ActiveCfg = Debug|Any CPU
		{47884932-17FC-4235-8C30-8010E70276F5}.Debug|Any CPU.Build.0 = Debug|Any CPU
		{47884932-17FC-4235-8C30-8010E70276F5}.Release|Any CPU.ActiveCfg = Release|Any CPU
		{47884932-17FC-4235-8C30-8010E70276F5}.Release|Any CPU.Build.0 = Release|Any CPU
	EndGlobalSection
	GlobalSection(SolutionProperties) = preSolution
		HideSolutionNode = FALSE
	EndGlobalSection
	GlobalSection(ExtensibilityGlobals) = postSolution
		SolutionGuid = {56D64911-96BD-40FB-878D-6D3F3C2E88DF}
	EndGlobalSection
EndGlobal
